{
  "name": "eval_TP_devweb",
  "lockfileVersion": 2,
  "requires": true,
  "packages": {
    "": {
      "dependencies": {
        "@sweetalert2/themes": "^5.0.11"
      }
    },
    "node_modules/@sweetalert2/themes": {
      "version": "5.0.11",
      "resolved": "https://registry.npmjs.org/@sweetalert2/themes/-/themes-5.0.11.tgz",
      "integrity": "sha512-2i7YpRNMjTCRzHQJwUhvhRNqctcrTGejpAKnycPL1nsRrhdDMxNDIleMkac8FA/tEq9riR1174qzd8HtLmzzVA==",
      "peerDependencies": {
        "sweetalert2": "^11.0.0"
      }
    },
    "node_modules/sweetalert2": {
      "version": "11.4.28",
      "resolved": "https://registry.npmjs.org/sweetalert2/-/sweetalert2-11.4.28.tgz",
      "integrity": "sha512-leCf8Kc/o+R0LNWmLjWXI7l0roMchEHg6X+XibmfTYaOMvOoHXmoxmegHl0it+8vvvZlPIjzyfM6bYBOKTFnRg==",
      "peer": true,
      "funding": {
        "type": "individual",
        "url": "https://sweetalert2.github.io/#donations"
      }
    }
  },
  "dependencies": {
    "@sweetalert2/themes": {
      "version": "5.0.11",
      "resolved": "https://registry.npmjs.org/@sweetalert2/themes/-/themes-5.0.11.tgz",
      "integrity": "sha512-2i7YpRNMjTCRzHQJwUhvhRNqctcrTGejpAKnycPL1nsRrhdDMxNDIleMkac8FA/tEq9riR1174qzd8HtLmzzVA==",
      "requires": {}
    },
    "sweetalert2": {
      "version": "11.4.28",
      "resolved": "https://registry.npmjs.org/sweetalert2/-/sweetalert2-11.4.28.tgz",
      "integrity": "sha512-leCf8Kc/o+R0LNWmLjWXI7l0roMchEHg6X+XibmfTYaOMvOoHXmoxmegHl0it+8vvvZlPIjzyfM6bYBOKTFnRg==",
      "peer": true
    }
  }
}
